
Microsoft Visual Studio Solution File, Format Version 12.00
# Visual Studio 15
VisualStudioVersion = 15.0.28307.902
MinimumVisualStudioVersion = 10.0.40219.1
Project("{FAE04EC0-301F-11D3-BF4B-00C04F79EFBC}") = "PotterCart_Domain_Test", "PotterCart_Domain_Test\PotterCart_Domain_Test.csproj", "{3748DA3E-A2BA-455F-9D11-148D49DCEBD2}"
EndProject
Project("{FAE04EC0-301F-11D3-BF4B-00C04F79EFBC}") = "PotterCart_Domain", "PotterCart_Domain\PotterCart_Domain.csproj", "{DE00986E-38B4-407C-A279-4D6CB1D3D4D3}"
EndProject
Global
	GlobalSection(SolutionConfigurationPlatforms) = preSolution
		Debug|Any CPU = Debug|Any CPU
		Release|Any CPU = Release|Any CPU
	EndGlobalSection
	GlobalSection(ProjectConfigurationPlatforms) = postSolution
		{3748DA3E-A2BA-455F-9D11-148D49DCEBD2}.Debug|Any CPU.ActiveCfg = Debug|Any CPU
		{3748DA3E-A2BA-455F-9D11-148D49DCEBD2}.Debug|Any CPU.Build.0 = Debug|Any CPU
		{3748DA3E-A2BA-455F-9D11-148D49DCEBD2}.Release|Any CPU.ActiveCfg = Release|Any CPU
		{3748DA3E-A2BA-455F-9D11-148D49DCEBD2}.Release|Any CPU.Build.0 = Release|Any CPU
		{DE00986E-38B4-407C-A279-4D6CB1D3D4D3}.Debug|Any CPU.ActiveCfg = Debug|Any CPU
		{DE00986E-38B4-407C-A279-4D6CB1D3D4D3}.Debug|Any CPU.Build.0 = Debug|Any CPU
		{DE00986E-38B4-407C-A279-4D6CB1D3D4D3}.Release|Any CPU.ActiveCfg = Release|Any CPU
		{DE00986E-38B4-407C-A279-4D6CB1D3D4D3}.Release|Any CPU.Build.0 = Release|Any CPU
	EndGlobalSection
	GlobalSection(SolutionProperties) = preSolution
		HideSolutionNode = FALSE
	EndGlobalSection
	GlobalSection(ExtensibilityGlobals) = postSolution
		SolutionGuid = {A1410E9B-4E12-4434-A463-FF04C045EF51}
	EndGlobalSection
EndGlobal
